# This file is autogenerated, do not edit; changes may be undone by the next 'dep ensure'.


[[projects]]
  name = "github.com/asaskevich/govalidator"
  packages = ["."]
  revision = "ccb8e960c48f04d6935e72476ae4a51028f9e22f"
  version = "v9"

[[projects]]
  name = "github.com/gorilla/websocket"
  packages = ["."]
  revision = "66b9c49e59c6c48f0ffce28c2d8b8a5678502c6d"
  version = "v1.4.0"

[[projects]]
  branch = "master"
  name = "golang.org/x/net"
  packages = ["html","html/atom","internal/socks","proxy"]
  revision = "74de082e2cca95839e88aa0aeee5aadf6ce7710f"

[solve-meta]
  analyzer-name = "dep"
  analyzer-version = 1
  inputs-digest = "32a6782af4e7126bdf792bf85564e17c118ecc3a9b41696d96a1ec892e185083"
  solver-name = "gps-cdcl"
  solver-version = 1
